{
    "name": "taleofddh-api",
    "version": "4.2.0",
    "lockfileVersion": 3,
    "requires": true,
    "packages": {
        "": {
            "name": "taleofddh-api",
            "version": "4.2.0",
            "devDependencies": {},
            "engines": {
                "node": ">=22.0.0",
                "npm": ">=10.0.0"
            }
        }
    }
}
